{
  "name": "@nightcycle/table-util",
  "version": "1.0.0",
  "lockfileVersion": 2,
  "requires": true,
  "packages": {
    "": {
      "name": "@nightcycle/table-util",
      "version": "1.0.0",
      "license": "Apache-2.0",
      "devDependencies": {
        "npmluau": "^0.1.1"
      }
    },
    "node_modules/commander": {
      "version": "11.1.0",
      "resolved": "https://registry.npmjs.org/commander/-/commander-11.1.0.tgz",
      "integrity": "sha512-yPVavfyCcRhmorC7rWlkHn15b4wDVgVmBA7kV4QVBsF7kv/9TKJAbAXVTxvTnwP8HHKjRCJDClKbciiYS7p0DQ==",
      "dev": true,
      "engines": {
        "node": ">=16"
      }
    },
    "node_modules/npmluau": {
      "version": "0.1.1",
      "resolved": "https://registry.npmjs.org/npmluau/-/npmluau-0.1.1.tgz",
      "integrity": "sha512-nHY1rR32SPIbDvZRIXWPduxyr+Dp42sT7vIEedHhodvhCsCEYTpxyIDrt6/nr+paTK1uhqUQm8HuzmW5O+38wQ==",
      "dev": true,
      "dependencies": {
        "commander": "^11.0.0",
        "walkdir": "^0.4.1"
      },
      "bin": {
        "npmluau": "main.js"
      }
    },
    "node_modules/walkdir": {
      "version": "0.4.1",
      "resolved": "https://registry.npmjs.org/walkdir/-/walkdir-0.4.1.tgz",
      "integrity": "sha512-3eBwRyEln6E1MSzcxcVpQIhRG8Q1jLvEqRmCZqS3dsfXEDR/AhOF4d+jHg1qvDCpYaVRZjENPQyrVxAkQqxPgQ==",
      "dev": true,
      "engines": {
        "node": ">=6.0.0"
      }
    }
  },
  "dependencies": {
    "commander": {
      "version": "11.1.0",
      "resolved": "https://registry.npmjs.org/commander/-/commander-11.1.0.tgz",
      "integrity": "sha512-yPVavfyCcRhmorC7rWlkHn15b4wDVgVmBA7kV4QVBsF7kv/9TKJAbAXVTxvTnwP8HHKjRCJDClKbciiYS7p0DQ==",
      "dev": true
    },
    "npmluau": {
      "version": "0.1.1",
      "resolved": "https://registry.npmjs.org/npmluau/-/npmluau-0.1.1.tgz",
      "integrity": "sha512-nHY1rR32SPIbDvZRIXWPduxyr+Dp42sT7vIEedHhodvhCsCEYTpxyIDrt6/nr+paTK1uhqUQm8HuzmW5O+38wQ==",
      "dev": true,
      "requires": {
        "commander": "^11.0.0",
        "walkdir": "^0.4.1"
      }
    },
    "walkdir": {
      "version": "0.4.1",
      "resolved": "https://registry.npmjs.org/walkdir/-/walkdir-0.4.1.tgz",
      "integrity": "sha512-3eBwRyEln6E1MSzcxcVpQIhRG8Q1jLvEqRmCZqS3dsfXEDR/AhOF4d+jHg1qvDCpYaVRZjENPQyrVxAkQqxPgQ==",
      "dev": true
    }
  }
}
